
Microsoft Visual Studio Solution File, Format Version 12.00
# Visual Studio Version 17
VisualStudioVersion = 17.8.34511.84
MinimumVisualStudioVersion = 10.0.40219.1
Project("{9A19103F-16F7-4668-BE54-9A1E7A4F7556}") = "StudyPlatform", "StudyPlatform.csproj", "{0C15E084-5F3B-4708-827D-69F7989C2375}"
EndProject
Project("{9A19103F-16F7-4668-BE54-9A1E7A4F7556}") = "DAL", "..\DAL\DAL.csproj", "{56038113-236E-4371-B6A7-6697D894E2FA}"
EndProject
Project("{9A19103F-16F7-4668-BE54-9A1E7A4F7556}") = "BL", "..\BL\BL.csproj", "{294EAAE6-EA7D-4FBB-9725-E5D8B9933498}"
EndProject
Project("{9A19103F-16F7-4668-BE54-9A1E7A4F7556}") = "StreamServer", "..\StreamServer\StreamServer.csproj", "{A528503F-2D59-4AB8-8C82-FA368150BA29}"
EndProject
Project("{9A19103F-16F7-4668-BE54-9A1E7A4F7556}") = "ChatServer", "..\ChatServer\ChatServer.csproj", "{8B9488A4-BF1C-4CB1-8195-093AE2F89646}"
EndProject
Project("{2150E333-8FDC-42A3-9474-1A3956D46DE8}") = "Solution Items", "Solution Items", "{88E20731-C530-4487-A414-F70CAEFB9940}"
	ProjectSection(SolutionItems) = preProject
		docker-compose.yml = docker-compose.yml
	EndProjectSection
EndProject
Global
	GlobalSection(SolutionConfigurationPlatforms) = preSolution
		Debug|Any CPU = Debug|Any CPU
		Release|Any CPU = Release|Any CPU
	EndGlobalSection
	GlobalSection(ProjectConfigurationPlatforms) = postSolution
		{0C15E084-5F3B-4708-827D-69F7989C2375}.Debug|Any CPU.ActiveCfg = Debug|Any CPU
		{0C15E084-5F3B-4708-827D-69F7989C2375}.Debug|Any CPU.Build.0 = Debug|Any CPU
		{0C15E084-5F3B-4708-827D-69F7989C2375}.Release|Any CPU.ActiveCfg = Release|Any CPU
		{0C15E084-5F3B-4708-827D-69F7989C2375}.Release|Any CPU.Build.0 = Release|Any CPU
		{56038113-236E-4371-B6A7-6697D894E2FA}.Debug|Any CPU.ActiveCfg = Debug|Any CPU
		{56038113-236E-4371-B6A7-6697D894E2FA}.Debug|Any CPU.Build.0 = Debug|Any CPU
		{56038113-236E-4371-B6A7-6697D894E2FA}.Release|Any CPU.ActiveCfg = Release|Any CPU
		{56038113-236E-4371-B6A7-6697D894E2FA}.Release|Any CPU.Build.0 = Release|Any CPU
		{294EAAE6-EA7D-4FBB-9725-E5D8B9933498}.Debug|Any CPU.ActiveCfg = Debug|Any CPU
		{294EAAE6-EA7D-4FBB-9725-E5D8B9933498}.Debug|Any CPU.Build.0 = Debug|Any CPU
		{294EAAE6-EA7D-4FBB-9725-E5D8B9933498}.Release|Any CPU.ActiveCfg = Release|Any CPU
		{294EAAE6-EA7D-4FBB-9725-E5D8B9933498}.Release|Any CPU.Build.0 = Release|Any CPU
		{A528503F-2D59-4AB8-8C82-FA368150BA29}.Debug|Any CPU.ActiveCfg = Debug|Any CPU
		{A528503F-2D59-4AB8-8C82-FA368150BA29}.Debug|Any CPU.Build.0 = Debug|Any CPU
		{A528503F-2D59-4AB8-8C82-FA368150BA29}.Release|Any CPU.ActiveCfg = Release|Any CPU
		{A528503F-2D59-4AB8-8C82-FA368150BA29}.Release|Any CPU.Build.0 = Release|Any CPU
		{8B9488A4-BF1C-4CB1-8195-093AE2F89646}.Debug|Any CPU.ActiveCfg = Debug|Any CPU
		{8B9488A4-BF1C-4CB1-8195-093AE2F89646}.Debug|Any CPU.Build.0 = Debug|Any CPU
		{8B9488A4-BF1C-4CB1-8195-093AE2F89646}.Release|Any CPU.ActiveCfg = Release|Any CPU
		{8B9488A4-BF1C-4CB1-8195-093AE2F89646}.Release|Any CPU.Build.0 = Release|Any CPU
	EndGlobalSection
	GlobalSection(SolutionProperties) = preSolution
		HideSolutionNode = FALSE
	EndGlobalSection
	GlobalSection(ExtensibilityGlobals) = postSolution
		SolutionGuid = {6CF7F443-4D77-4E24-B26E-2C0B649E9619}
	EndGlobalSection
EndGlobal
